
Microsoft Visual Studio Solution File, Format Version 12.00
# Visual Studio Version 17
VisualStudioVersion = 17.2.32314.265
MinimumVisualStudioVersion = 10.0.40219.1
Project("{2150E333-8FDC-42A3-9474-1A3956D46DE8}") = "Solution Items", "Solution Items", "{1387DCAB-42A4-4F47-9E85-16998E2D9C71}"
	ProjectSection(SolutionItems) = preProject
		.editorconfig = .editorconfig
		Directory.Build.props = Directory.Build.props
		Directory.Build.targets = Directory.Build.targets
	EndProjectSection
EndProject
Project("{2150E333-8FDC-42A3-9474-1A3956D46DE8}") = "Samples", "Samples", "{A96F98E9-18B5-4863-8F28-9B7BDF70A128}"
EndProject
Project("{9A19103F-16F7-4668-BE54-9A1E7A4F7556}") = "SamplesCommon", "samples\SamplesCommon\SamplesCommon.csproj", "{DE27C3CE-E9E9-48D2-A4A1-5846E550462E}"
EndProject
Project("{2150E333-8FDC-42A3-9474-1A3956D46DE8}") = "Tools", "Tools", "{07337569-6CA9-4BB0-9C8F-962D981CB5F4}"
EndProject
Project("{9A19103F-16F7-4668-BE54-9A1E7A4F7556}") = "WinUIResourcesConverter", "tools\WinUIResourcesConverter\WinUIResourcesConverter.csproj", "{35EF6F6B-3E8C-4A9E-BCD2-16CA5C2C2ADC}"
EndProject
Project("{9A19103F-16F7-4668-BE54-9A1E7A4F7556}") = "iNKORE.UI.WPF.Modern", "Inkore.UI.WPF.Modern\iNKORE.UI.WPF.Modern.csproj", "{789F8052-2F84-4BA0-9CD7-A3A1901A66A0}"
EndProject
Project("{9A19103F-16F7-4668-BE54-9A1E7A4F7556}") = "iNKORE.UI.WPF.Modern.Controls", "Inkore.UI.WPF.Modern.Controls\iNKORE.UI.WPF.Modern.Controls.csproj", "{FE80560D-40A3-4469-AC0A-C725B583CAA7}"
EndProject
Project("{9A19103F-16F7-4668-BE54-9A1E7A4F7556}") = "iNKORE.UI.WPF.Modern.Gallery", "Inkore.UI.WPF.Modern.Gallery\iNKORE.UI.WPF.Modern.Gallery.csproj", "{54049F5E-E57B-433E-B316-3C51F25B523D}"
EndProject
Project("{2150E333-8FDC-42A3-9474-1A3956D46DE8}") = "Libraries", "Libraries", "{38204068-E923-4A66-82B9-BD30B3B825D4}"
	ProjectSection(SolutionItems) = preProject
		..\libraries\Windows.Foundation.FoundationContract.winmd = ..\libraries\Windows.Foundation.FoundationContract.winmd
		..\libraries\Windows.Foundation.UniversalApiContract.winmd = ..\libraries\Windows.Foundation.UniversalApiContract.winmd
		..\libraries\Windows.WinMD = ..\libraries\Windows.WinMD
	EndProjectSection
EndProject
Project("{9A19103F-16F7-4668-BE54-9A1E7A4F7556}") = "WpfApp1", "samples\WpfApp1\WpfApp1.csproj", "{FB0ED8CF-9505-4601-ACAC-4EFBEC184635}"
EndProject
Global
	GlobalSection(SolutionConfigurationPlatforms) = preSolution
		Debug|Any CPU = Debug|Any CPU
		Debug|ARM = Debug|ARM
		Debug|ARM64 = Debug|ARM64
		Debug|x64 = Debug|x64
		Debug|x86 = Debug|x86
		Release|Any CPU = Release|Any CPU
		Release|ARM = Release|ARM
		Release|ARM64 = Release|ARM64
		Release|x64 = Release|x64
		Release|x86 = Release|x86
	EndGlobalSection
	GlobalSection(ProjectConfigurationPlatforms) = postSolution
		{DE27C3CE-E9E9-48D2-A4A1-5846E550462E}.Debug|Any CPU.ActiveCfg = Debug|Any CPU
		{DE27C3CE-E9E9-48D2-A4A1-5846E550462E}.Debug|Any CPU.Build.0 = Debug|Any CPU
		{DE27C3CE-E9E9-48D2-A4A1-5846E550462E}.Debug|ARM.ActiveCfg = Debug|Any CPU
		{DE27C3CE-E9E9-48D2-A4A1-5846E550462E}.Debug|ARM.Build.0 = Debug|Any CPU
		{DE27C3CE-E9E9-48D2-A4A1-5846E550462E}.Debug|ARM64.ActiveCfg = Debug|Any CPU
		{DE27C3CE-E9E9-48D2-A4A1-5846E550462E}.Debug|ARM64.Build.0 = Debug|Any CPU
		{DE27C3CE-E9E9-48D2-A4A1-5846E550462E}.Debug|x64.ActiveCfg = Debug|Any CPU
		{DE27C3CE-E9E9-48D2-A4A1-5846E550462E}.Debug|x64.Build.0 = Debug|Any CPU
		{DE27C3CE-E9E9-48D2-A4A1-5846E550462E}.Debug|x86.ActiveCfg = Debug|Any CPU
		{DE27C3CE-E9E9-48D2-A4A1-5846E550462E}.Debug|x86.Build.0 = Debug|Any CPU
		{DE27C3CE-E9E9-48D2-A4A1-5846E550462E}.Release|Any CPU.ActiveCfg = Release|Any CPU
		{DE27C3CE-E9E9-48D2-A4A1-5846E550462E}.Release|Any CPU.Build.0 = Release|Any CPU
		{DE27C3CE-E9E9-48D2-A4A1-5846E550462E}.Release|ARM.ActiveCfg = Release|Any CPU
		{DE27C3CE-E9E9-48D2-A4A1-5846E550462E}.Release|ARM.Build.0 = Release|Any CPU
		{DE27C3CE-E9E9-48D2-A4A1-5846E550462E}.Release|ARM64.ActiveCfg = Release|Any CPU
		{DE27C3CE-E9E9-48D2-A4A1-5846E550462E}.Release|ARM64.Build.0 = Release|Any CPU
		{DE27C3CE-E9E9-48D2-A4A1-5846E550462E}.Release|x64.ActiveCfg = Release|Any CPU
		{DE27C3CE-E9E9-48D2-A4A1-5846E550462E}.Release|x64.Build.0 = Release|Any CPU
		{DE27C3CE-E9E9-48D2-A4A1-5846E550462E}.Release|x86.ActiveCfg = Release|Any CPU
		{DE27C3CE-E9E9-48D2-A4A1-5846E550462E}.Release|x86.Build.0 = Release|Any CPU
		{35EF6F6B-3E8C-4A9E-BCD2-16CA5C2C2ADC}.Debug|Any CPU.ActiveCfg = Debug|Any CPU
		{35EF6F6B-3E8C-4A9E-BCD2-16CA5C2C2ADC}.Debug|Any CPU.Build.0 = Debug|Any CPU
		{35EF6F6B-3E8C-4A9E-BCD2-16CA5C2C2ADC}.Debug|ARM.ActiveCfg = Debug|Any CPU
		{35EF6F6B-3E8C-4A9E-BCD2-16CA5C2C2ADC}.Debug|ARM.Build.0 = Debug|Any CPU
		{35EF6F6B-3E8C-4A9E-BCD2-16CA5C2C2ADC}.Debug|ARM64.ActiveCfg = Debug|Any CPU
		{35EF6F6B-3E8C-4A9E-BCD2-16CA5C2C2ADC}.Debug|ARM64.Build.0 = Debug|Any CPU
		{35EF6F6B-3E8C-4A9E-BCD2-16CA5C2C2ADC}.Debug|x64.ActiveCfg = Debug|Any CPU
		{35EF6F6B-3E8C-4A9E-BCD2-16CA5C2C2ADC}.Debug|x64.Build.0 = Debug|Any CPU
		{35EF6F6B-3E8C-4A9E-BCD2-16CA5C2C2ADC}.Debug|x86.ActiveCfg = Debug|Any CPU
		{35EF6F6B-3E8C-4A9E-BCD2-16CA5C2C2ADC}.Debug|x86.Build.0 = Debug|Any CPU
		{35EF6F6B-3E8C-4A9E-BCD2-16CA5C2C2ADC}.Release|Any CPU.ActiveCfg = Release|Any CPU
		{35EF6F6B-3E8C-4A9E-BCD2-16CA5C2C2ADC}.Release|Any CPU.Build.0 = Release|Any CPU
		{35EF6F6B-3E8C-4A9E-BCD2-16CA5C2C2ADC}.Release|ARM.ActiveCfg = Release|Any CPU
		{35EF6F6B-3E8C-4A9E-BCD2-16CA5C2C2ADC}.Release|ARM.Build.0 = Release|Any CPU
		{35EF6F6B-3E8C-4A9E-BCD2-16CA5C2C2ADC}.Release|ARM64.ActiveCfg = Release|Any CPU
		{35EF6F6B-3E8C-4A9E-BCD2-16CA5C2C2ADC}.Release|ARM64.Build.0 = Release|Any CPU
		{35EF6F6B-3E8C-4A9E-BCD2-16CA5C2C2ADC}.Release|x64.ActiveCfg = Release|Any CPU
		{35EF6F6B-3E8C-4A9E-BCD2-16CA5C2C2ADC}.Release|x64.Build.0 = Release|Any CPU
		{35EF6F6B-3E8C-4A9E-BCD2-16CA5C2C2ADC}.Release|x86.ActiveCfg = Release|Any CPU
		{35EF6F6B-3E8C-4A9E-BCD2-16CA5C2C2ADC}.Release|x86.Build.0 = Release|Any CPU
		{789F8052-2F84-4BA0-9CD7-A3A1901A66A0}.Debug|Any CPU.ActiveCfg = Debug|Any CPU
		{789F8052-2F84-4BA0-9CD7-A3A1901A66A0}.Debug|Any CPU.Build.0 = Debug|Any CPU
		{789F8052-2F84-4BA0-9CD7-A3A1901A66A0}.Debug|ARM.ActiveCfg = Debug|Any CPU
		{789F8052-2F84-4BA0-9CD7-A3A1901A66A0}.Debug|ARM.Build.0 = Debug|Any CPU
		{789F8052-2F84-4BA0-9CD7-A3A1901A66A0}.Debug|ARM64.ActiveCfg = Debug|Any CPU
		{789F8052-2F84-4BA0-9CD7-A3A1901A66A0}.Debug|ARM64.Build.0 = Debug|Any CPU
		{789F8052-2F84-4BA0-9CD7-A3A1901A66A0}.Debug|x64.ActiveCfg = Debug|Any CPU
		{789F8052-2F84-4BA0-9CD7-A3A1901A66A0}.Debug|x64.Build.0 = Debug|Any CPU
		{789F8052-2F84-4BA0-9CD7-A3A1901A66A0}.Debug|x86.ActiveCfg = Debug|Any CPU
		{789F8052-2F84-4BA0-9CD7-A3A1901A66A0}.Debug|x86.Build.0 = Debug|Any CPU
		{789F8052-2F84-4BA0-9CD7-A3A1901A66A0}.Release|Any CPU.ActiveCfg = Release|Any CPU
		{789F8052-2F84-4BA0-9CD7-A3A1901A66A0}.Release|Any CPU.Build.0 = Release|Any CPU
		{789F8052-2F84-4BA0-9CD7-A3A1901A66A0}.Release|ARM.ActiveCfg = Release|Any CPU
		{789F8052-2F84-4BA0-9CD7-A3A1901A66A0}.Release|ARM.Build.0 = Release|Any CPU
		{789F8052-2F84-4BA0-9CD7-A3A1901A66A0}.Release|ARM64.ActiveCfg = Release|Any CPU
		{789F8052-2F84-4BA0-9CD7-A3A1901A66A0}.Release|ARM64.Build.0 = Release|Any CPU
		{789F8052-2F84-4BA0-9CD7-A3A1901A66A0}.Release|x64.ActiveCfg = Release|Any CPU
		{789F8052-2F84-4BA0-9CD7-A3A1901A66A0}.Release|x64.Build.0 = Release|Any CPU
		{789F8052-2F84-4BA0-9CD7-A3A1901A66A0}.Release|x86.ActiveCfg = Release|Any CPU
		{789F8052-2F84-4BA0-9CD7-A3A1901A66A0}.Release|x86.Build.0 = Release|Any CPU
		{FE80560D-40A3-4469-AC0A-C725B583CAA7}.Debug|Any CPU.ActiveCfg = Debug|Any CPU
		{FE80560D-40A3-4469-AC0A-C725B583CAA7}.Debug|Any CPU.Build.0 = Debug|Any CPU
		{FE80560D-40A3-4469-AC0A-C725B583CAA7}.Debug|ARM.ActiveCfg = Debug|Any CPU
		{FE80560D-40A3-4469-AC0A-C725B583CAA7}.Debug|ARM.Build.0 = Debug|Any CPU
		{FE80560D-40A3-4469-AC0A-C725B583CAA7}.Debug|ARM64.ActiveCfg = Debug|Any CPU
		{FE80560D-40A3-4469-AC0A-C725B583CAA7}.Debug|ARM64.Build.0 = Debug|Any CPU
		{FE80560D-40A3-4469-AC0A-C725B583CAA7}.Debug|x64.ActiveCfg = Debug|Any CPU
		{FE80560D-40A3-4469-AC0A-C725B583CAA7}.Debug|x64.Build.0 = Debug|Any CPU
		{FE80560D-40A3-4469-AC0A-C725B583CAA7}.Debug|x86.ActiveCfg = Debug|Any CPU
		{FE80560D-40A3-4469-AC0A-C725B583CAA7}.Debug|x86.Build.0 = Debug|Any CPU
		{FE80560D-40A3-4469-AC0A-C725B583CAA7}.Release|Any CPU.ActiveCfg = Release|Any CPU
		{FE80560D-40A3-4469-AC0A-C725B583CAA7}.Release|Any CPU.Build.0 = Release|Any CPU
		{FE80560D-40A3-4469-AC0A-C725B583CAA7}.Release|ARM.ActiveCfg = Release|Any CPU
		{FE80560D-40A3-4469-AC0A-C725B583CAA7}.Release|ARM.Build.0 = Release|Any CPU
		{FE80560D-40A3-4469-AC0A-C725B583CAA7}.Release|ARM64.ActiveCfg = Release|Any CPU
		{FE80560D-40A3-4469-AC0A-C725B583CAA7}.Release|ARM64.Build.0 = Release|Any CPU
		{FE80560D-40A3-4469-AC0A-C725B583CAA7}.Release|x64.ActiveCfg = Release|Any CPU
		{FE80560D-40A3-4469-AC0A-C725B583CAA7}.Release|x64.Build.0 = Release|Any CPU
		{FE80560D-40A3-4469-AC0A-C725B583CAA7}.Release|x86.ActiveCfg = Release|Any CPU
		{FE80560D-40A3-4469-AC0A-C725B583CAA7}.Release|x86.Build.0 = Release|Any CPU
		{54049F5E-E57B-433E-B316-3C51F25B523D}.Debug|Any CPU.ActiveCfg = Debug|Any CPU
		{54049F5E-E57B-433E-B316-3C51F25B523D}.Debug|Any CPU.Build.0 = Debug|Any CPU
		{54049F5E-E57B-433E-B316-3C51F25B523D}.Debug|ARM.ActiveCfg = Debug|Any CPU
		{54049F5E-E57B-433E-B316-3C51F25B523D}.Debug|ARM.Build.0 = Debug|Any CPU
		{54049F5E-E57B-433E-B316-3C51F25B523D}.Debug|ARM64.ActiveCfg = Debug|Any CPU
		{54049F5E-E57B-433E-B316-3C51F25B523D}.Debug|ARM64.Build.0 = Debug|Any CPU
		{54049F5E-E57B-433E-B316-3C51F25B523D}.Debug|x64.ActiveCfg = Debug|Any CPU
		{54049F5E-E57B-433E-B316-3C51F25B523D}.Debug|x64.Build.0 = Debug|Any CPU
		{54049F5E-E57B-433E-B316-3C51F25B523D}.Debug|x86.ActiveCfg = Debug|Any CPU
		{54049F5E-E57B-433E-B316-3C51F25B523D}.Debug|x86.Build.0 = Debug|Any CPU
		{54049F5E-E57B-433E-B316-3C51F25B523D}.Release|Any CPU.ActiveCfg = Release|Any CPU
		{54049F5E-E57B-433E-B316-3C51F25B523D}.Release|Any CPU.Build.0 = Release|Any CPU
		{54049F5E-E57B-433E-B316-3C51F25B523D}.Release|ARM.ActiveCfg = Release|Any CPU
		{54049F5E-E57B-433E-B316-3C51F25B523D}.Release|ARM.Build.0 = Release|Any CPU
		{54049F5E-E57B-433E-B316-3C51F25B523D}.Release|ARM64.ActiveCfg = Release|Any CPU
		{54049F5E-E57B-433E-B316-3C51F25B523D}.Release|ARM64.Build.0 = Release|Any CPU
		{54049F5E-E57B-433E-B316-3C51F25B523D}.Release|x64.ActiveCfg = Release|Any CPU
		{54049F5E-E57B-433E-B316-3C51F25B523D}.Release|x64.Build.0 = Release|Any CPU
		{54049F5E-E57B-433E-B316-3C51F25B523D}.Release|x86.ActiveCfg = Release|Any CPU
		{54049F5E-E57B-433E-B316-3C51F25B523D}.Release|x86.Build.0 = Release|Any CPU
		{FB0ED8CF-9505-4601-ACAC-4EFBEC184635}.Debug|Any CPU.ActiveCfg = Debug|Any CPU
		{FB0ED8CF-9505-4601-ACAC-4EFBEC184635}.Debug|Any CPU.Build.0 = Debug|Any CPU
		{FB0ED8CF-9505-4601-ACAC-4EFBEC184635}.Debug|ARM.ActiveCfg = Debug|Any CPU
		{FB0ED8CF-9505-4601-ACAC-4EFBEC184635}.Debug|ARM.Build.0 = Debug|Any CPU
		{FB0ED8CF-9505-4601-ACAC-4EFBEC184635}.Debug|ARM64.ActiveCfg = Debug|Any CPU
		{FB0ED8CF-9505-4601-ACAC-4EFBEC184635}.Debug|ARM64.Build.0 = Debug|Any CPU
		{FB0ED8CF-9505-4601-ACAC-4EFBEC184635}.Debug|x64.ActiveCfg = Debug|Any CPU
		{FB0ED8CF-9505-4601-ACAC-4EFBEC184635}.Debug|x64.Build.0 = Debug|Any CPU
		{FB0ED8CF-9505-4601-ACAC-4EFBEC184635}.Debug|x86.ActiveCfg = Debug|Any CPU
		{FB0ED8CF-9505-4601-ACAC-4EFBEC184635}.Debug|x86.Build.0 = Debug|Any CPU
		{FB0ED8CF-9505-4601-ACAC-4EFBEC184635}.Release|Any CPU.ActiveCfg = Release|Any CPU
		{FB0ED8CF-9505-4601-ACAC-4EFBEC184635}.Release|Any CPU.Build.0 = Release|Any CPU
		{FB0ED8CF-9505-4601-ACAC-4EFBEC184635}.Release|ARM.ActiveCfg = Release|Any CPU
		{FB0ED8CF-9505-4601-ACAC-4EFBEC184635}.Release|ARM.Build.0 = Release|Any CPU
		{FB0ED8CF-9505-4601-ACAC-4EFBEC184635}.Release|ARM64.ActiveCfg = Release|Any CPU
		{FB0ED8CF-9505-4601-ACAC-4EFBEC184635}.Release|ARM64.Build.0 = Release|Any CPU
		{FB0ED8CF-9505-4601-ACAC-4EFBEC184635}.Release|x64.ActiveCfg = Release|Any CPU
		{FB0ED8CF-9505-4601-ACAC-4EFBEC184635}.Release|x64.Build.0 = Release|Any CPU
		{FB0ED8CF-9505-4601-ACAC-4EFBEC184635}.Release|x86.ActiveCfg = Release|Any CPU
		{FB0ED8CF-9505-4601-ACAC-4EFBEC184635}.Release|x86.Build.0 = Release|Any CPU
	EndGlobalSection
	GlobalSection(SolutionProperties) = preSolution
		HideSolutionNode = FALSE
	EndGlobalSection
	GlobalSection(NestedProjects) = preSolution
		{DE27C3CE-E9E9-48D2-A4A1-5846E550462E} = {A96F98E9-18B5-4863-8F28-9B7BDF70A128}
		{35EF6F6B-3E8C-4A9E-BCD2-16CA5C2C2ADC} = {07337569-6CA9-4BB0-9C8F-962D981CB5F4}
		{FB0ED8CF-9505-4601-ACAC-4EFBEC184635} = {A96F98E9-18B5-4863-8F28-9B7BDF70A128}
	EndGlobalSection
	GlobalSection(ExtensibilityGlobals) = postSolution
		SolutionGuid = {6251E140-0FAA-4DE9-B245-1C5BE188E578}
	EndGlobalSection
EndGlobal
